{
  "version": "4",
  "specifiers": {
    "jsr:@std/assert@^1.0.12": "1.0.12",
    "jsr:@std/internal@^1.0.6": "1.0.6",
    "jsr:@std/testing@*": "1.0.11",
    "npm:@biomejs/biome@^2.0.0-beta.1": "2.0.0-beta.1",
    "npm:expect-type@*": "1.2.1"
  },
  "jsr": {
    "@std/assert@1.0.12": {
      "integrity": "08009f0926dda9cbd8bef3a35d3b6a4b964b0ab5c3e140a4e0351fbf34af5b9a"
    },
    "@std/internal@1.0.6": {
      "integrity": "9533b128f230f73bd209408bb07a4b12f8d4255ab2a4d22a1fd6d87304aca9a4"
    },
    "@std/testing@1.0.11": {
      "integrity": "12b3db12d34f0f385a26248933bde766c0f8c5ad8b6ab34d4d38f528ab852f48",
      "dependencies": [
        "jsr:@std/assert",
        "jsr:@std/internal"
      ]
    }
  },
  "npm": {
    "@biomejs/biome@2.0.0-beta.1": {
      "integrity": "sha512-MqRoy9CbTkrS45zW+S4u8p4kQUIFx0mGUWi789W1R3b1kXYIudEqsTKgXKtTGsI0kWOlvnjuKqwTrabjaGchhQ==",
      "dependencies": [
        "@biomejs/cli-darwin-arm64",
        "@biomejs/cli-darwin-x64",
        "@biomejs/cli-linux-arm64",
        "@biomejs/cli-linux-arm64-musl",
        "@biomejs/cli-linux-x64",
        "@biomejs/cli-linux-x64-musl",
        "@biomejs/cli-win32-arm64",
        "@biomejs/cli-win32-x64"
      ]
    },
    "@biomejs/cli-darwin-arm64@2.0.0-beta.1": {
      "integrity": "sha512-RaGmpNLl5NFooXaoCwvgvcuU6Am/rMZ3R48pQeCVxjrCcz1BIlKLTai5UosiedazW7JbXAvgXdSNizYG7ITlAQ=="
    },
    "@biomejs/cli-darwin-x64@2.0.0-beta.1": {
      "integrity": "sha512-sTzSshkne7HKZFNfiIhmAji7gjtCBXvkTujZELCZWIZC7oj1Tjw/gvAzbdFj2UyHd5/i90pND4ybFOLQZm9gpg=="
    },
    "@biomejs/cli-linux-arm64-musl@2.0.0-beta.1": {
      "integrity": "sha512-0MPUKzz9uBBxAYSJ+OlFi4+yGwiRcZeFqq39H0MxXCQ9MMpKJFH2Ek72fw8sXwG7Prn7EsW/3u1b7najyn1XGQ=="
    },
    "@biomejs/cli-linux-arm64@2.0.0-beta.1": {
      "integrity": "sha512-bxce2O4nooBmp20Ey0+IFIZyy/b0RVnciIQk9euCfAi9evq7SvFtMBYo3YUZej0KIvrau5H7tJk5OqmRJk2l+g=="
    },
    "@biomejs/cli-linux-x64-musl@2.0.0-beta.1": {
      "integrity": "sha512-dFvisnP1hFpVILNw0PZfs8piBwe8+aykO04Tb/4AJDVVzKkGgJfwSefwo4jqzO/Wk/Zruvhcp1nKbjgRXM+vDg=="
    },
    "@biomejs/cli-linux-x64@2.0.0-beta.1": {
      "integrity": "sha512-6P/AtJv4hOH8mu8ez0c4UInUpiet9NEoF25+O7OPyb4w6ZHJMp2qzvayJS7TKrTQzE5KUvSiNsACGRz34DzUkg=="
    },
    "@biomejs/cli-win32-arm64@2.0.0-beta.1": {
      "integrity": "sha512-0C9YSqWHf2cJGnjKDbLi49xv6H9IfqbDsFav7X557PqwY64O6IKWqcmZzi/PkDFHjQM9opU6uhKapeGKGDxziQ=="
    },
    "@biomejs/cli-win32-x64@2.0.0-beta.1": {
      "integrity": "sha512-o8W6+DX0YRjt1kS8Y3ismq6EkjwiVDv7X0TEpfnFywoVG8HoJ7G7/m9r8LM1yE46WI3maPH2A0MoVpQ1ZNG++A=="
    },
    "expect-type@1.2.1": {
      "integrity": "sha512-/kP8CAwxzLVEeFrMm4kMmy4CCDlpipyA7MYLVrdJIkV0fYF0UaigQHRsxHiuY/GEea+bh4KSv3TIlgr+2UL6bw=="
    }
  }
}
